
Microsoft Visual Studio Solution File, Format Version 12.00
# Visual Studio Version 17
VisualStudioVersion = 17.5.33402.96
MinimumVisualStudioVersion = 10.0.40219.1
Project("{8BC9CEB8-8B4A-11D0-8D11-00A0C91BC942}") = "pratice20233256", "pratice20233256.vcxproj", "{5CC85F07-4E13-4F90-8244-B042BC7CB490}"
EndProject
Global
	GlobalSection(SolutionConfigurationPlatforms) = preSolution
		Debug|x64 = Debug|x64
		Debug|x86 = Debug|x86
		Release|x64 = Release|x64
		Release|x86 = Release|x86
	EndGlobalSection
	GlobalSection(ProjectConfigurationPlatforms) = postSolution
		{5CC85F07-4E13-4F90-8244-B042BC7CB490}.Debug|x64.ActiveCfg = Debug|x64
		{5CC85F07-4E13-4F90-8244-B042BC7CB490}.Debug|x64.Build.0 = Debug|x64
		{5CC85F07-4E13-4F90-8244-B042BC7CB490}.Debug|x86.ActiveCfg = Debug|Win32
		{5CC85F07-4E13-4F90-8244-B042BC7CB490}.Debug|x86.Build.0 = Debug|Win32
		{5CC85F07-4E13-4F90-8244-B042BC7CB490}.Release|x64.ActiveCfg = Release|x64
		{5CC85F07-4E13-4F90-8244-B042BC7CB490}.Release|x64.Build.0 = Release|x64
		{5CC85F07-4E13-4F90-8244-B042BC7CB490}.Release|x86.ActiveCfg = Release|Win32
		{5CC85F07-4E13-4F90-8244-B042BC7CB490}.Release|x86.Build.0 = Release|Win32
	EndGlobalSection
	GlobalSection(SolutionProperties) = preSolution
		HideSolutionNode = FALSE
	EndGlobalSection
	GlobalSection(ExtensibilityGlobals) = postSolution
		SolutionGuid = {1D641FF5-DB02-46ED-8B90-5F7C01ABD038}
	EndGlobalSection
EndGlobal
